# This file is autogenerated, do not edit; changes may be undone by the next 'dep ensure'.


[[projects]]
  branch = "master"
  digest = "1:c0f51455e66824c4bba5a9f7b75fdc9f0ea2927ad9d85603600bfc8096cc44f5"
  name = "github.com/go-shadow/moment"
  packages = ["."]
  pruneopts = "UT"
  revision = "e837f27dad940099161770eb6841003d0f177ba2"

[[projects]]
  digest = "1:cee8e8ac80df6373e7daa11baf1f98c1b6f7242c49ccae7e1ec34a971dc408d9"
  name = "github.com/gorilla/websocket"
  packages = ["."]
  pruneopts = "UT"
  revision = "3ff3320c2a1756a3691521efc290b4701575147c"
  version = "v1.3.0"

[[projects]]
  digest = "1:70e697d67ccaec45e16bac3a32380ebcd9e7e071079c60d0171d42cf1cf9748a"
  name = "github.com/joho/godotenv"
  packages = ["."]
  pruneopts = "UT"
  revision = "a79fa1e548e2c689c241d10173efd51e5d689d5b"
  version = "v1.2.0"

[[projects]]
  branch = "master"
  digest = "1:410e126b7e96640ac0c41bb49bad7dbf2d1c081aa06fd2c75cdb9e65765fae9b"
  name = "github.com/nlopes/slack"
  packages = ["."]
  pruneopts = "UT"
  revision = "7cfa5619e6becd3db5dfb8e26c06798918e123b2"

[[projects]]
  digest = "1:40e195917a951a8bf867cd05de2a46aaf1806c50cf92eebf4c16f78cd196f747"
  name = "github.com/pkg/errors"
  packages = ["."]
  pruneopts = "UT"
  revision = "645ef00459ed84a119197bfb8d8205042c6df63d"
  version = "v0.8.0"

[[projects]]
  branch = "master"
  digest = "1:c6795766b23d66ac11871034c9f00a4e4d292284e935debc2db2bfe25b96304f"
  name = "github.com/shomali11/commander"
  packages = ["."]
  pruneopts = "UT"
  revision = "384535f6562b1b98294d1e6db8d1d5365b79915c"

[[projects]]
  branch = "master"
  digest = "1:8664d72d77f415e581e40a85f936e204766464f4c2314f7db58f96d62841798d"
  name = "github.com/shomali11/proper"
  packages = ["."]
  pruneopts = "UT"
  revision = "233a9a872c306ae145fed0a7d71afc128ad78394"

[[projects]]
  branch = "master"
  digest = "1:d0f2e9bf720149410629c15fdcf2a225d2409ebaec22e9a2a778b08f8ae1a357"
  name = "github.com/shomali11/slacker"
  packages = ["."]
  pruneopts = "UT"
  revision = "a446a9d74017c570301ba4a9db3bc775bcea7f97"

[[projects]]
  branch = "master"
  digest = "1:a412caf33b5d3c7938c28e1e745c10664bd180277b73ab3b34c0c467886f9969"
  name = "golang.org/x/net"
  packages = [
    "idna",
    "publicsuffix",
  ]
  pruneopts = "UT"
  revision = "8a410e7b638dca158bf9e766925842f6651ff828"

[[projects]]
  digest = "1:a2ab62866c75542dd18d2b069fec854577a20211d7c0ea6ae746072a1dccdd18"
  name = "golang.org/x/text"
  packages = [
    "collate",
    "collate/build",
    "internal/colltab",
    "internal/gen",
    "internal/tag",
    "internal/triegen",
    "internal/ucd",
    "language",
    "secure/bidirule",
    "transform",
    "unicode/bidi",
    "unicode/cldr",
    "unicode/norm",
    "unicode/rangetable",
  ]
  pruneopts = "UT"
  revision = "f21a4dfb5e38f5895301dc265a8def02365cc3d0"
  version = "v0.3.0"

[[projects]]
  digest = "1:b7fc4c3fd91df516486f53cc86f4b55a0c815782dbe852c5a19cce8e6c577aac"
  name = "gopkg.in/resty.v1"
  packages = ["."]
  pruneopts = "UT"
  revision = "d4920dcf5b7689548a6db640278a9b35a5b48ec6"
  version = "v1.9.1"

[solve-meta]
  analyzer-name = "dep"
  analyzer-version = 1
  input-imports = [
    "github.com/go-shadow/moment",
    "github.com/joho/godotenv",
    "github.com/shomali11/slacker",
    "gopkg.in/resty.v1",
  ]
  solver-name = "gps-cdcl"
  solver-version = 1
